// !$*UTF8*$!
{
	archiveVersion = 1;
	classes = {
	};
	objectVersion = 55;
	objects = {

/* Begin PBXBuildFile section */
		270E39DD298F2827009F0AC2 /* DotsContainer.swift in Sources */ = {isa = PBXBuildFile; fileRef = 270E39DC298F2827009F0AC2 /* DotsContainer.swift */; };
		2737FA2929917CB200DFDA99 /* Extension.swift in Sources */ = {isa = PBXBuildFile; fileRef = 2737FA2829917CB100DFDA99 /* Extension.swift */; };
		274E95822874CB4D0064C2B8 /* DataManager.swift in Sources */ = {isa = PBXBuildFile; fileRef = 274E95812874CB4D0064C2B8 /* DataManager.swift */; };
		279F5F91286BBDAF00F67E18 /* AppDelegate.swift in Sources */ = {isa = PBXBuildFile; fileRef = 279F5F90286BBDAF00F67E18 /* AppDelegate.swift */; };
		279F5F93286BBDAF00F67E18 /* SceneDelegate.swift in Sources */ = {isa = PBXBuildFile; fileRef = 279F5F92286BBDAF00F67E18 /* SceneDelegate.swift */; };
		279F5F95286BBDAF00F67E18 /* ViewController.swift in Sources */ = {isa = PBXBuildFile; fileRef = 279F5F94286BBDAF00F67E18 /* ViewController.swift */; };
		279F5F98286BBDAF00F67E18 /* Main.storyboard in Resources */ = {isa = PBXBuildFile; fileRef = 279F5F96286BBDAF00F67E18 /* Main.storyboard */; };
		279F5F9A286BBDB000F67E18 /* Assets.xcassets in Resources */ = {isa = PBXBuildFile; fileRef = 279F5F99286BBDB000F67E18 /* Assets.xcassets */; };
		279F5F9D286BBDB000F67E18 /* LaunchScreen.storyboard in Resources */ = {isa = PBXBuildFile; fileRef = 279F5F9B286BBDB000F67E18 /* LaunchScreen.storyboard */; };
		279F5FA8286BBDB100F67E18 /* LoadingViewTests.swift in Sources */ = {isa = PBXBuildFile; fileRef = 279F5FA7286BBDB100F67E18 /* LoadingViewTests.swift */; };
		279F5FB2286BBDB100F67E18 /* LoadingViewUITests.swift in Sources */ = {isa = PBXBuildFile; fileRef = 279F5FB1286BBDB100F67E18 /* LoadingViewUITests.swift */; };
		279F5FB4286BBDB100F67E18 /* LoadingViewUITestsLaunchTests.swift in Sources */ = {isa = PBXBuildFile; fileRef = 279F5FB3286BBDB100F67E18 /* LoadingViewUITestsLaunchTests.swift */; };
		279F5FC1286BBDD900F67E18 /* LoadingView.swift in Sources */ = {isa = PBXBuildFile; fileRef = 279F5FC0286BBDD900F67E18 /* LoadingView.swift */; };
		279F5FC3286BC05400F67E18 /* Pinwheel.swift in Sources */ = {isa = PBXBuildFile; fileRef = 279F5FC2286BC05400F67E18 /* Pinwheel.swift */; };
		27B889C3296CC2E0003C7E89 /* GradientContainer.swift in Sources */ = {isa = PBXBuildFile; fileRef = 27B889C2296CC2E0003C7E89 /* GradientContainer.swift */; };
/* End PBXBuildFile section */

/* Begin PBXContainerItemProxy section */
		279F5FA4286BBDB100F67E18 /* PBXContainerItemProxy */ = {
			isa = PBXContainerItemProxy;
			containerPortal = 279F5F85286BBDAF00F67E18 /* Project object */;
			proxyType = 1;
			remoteGlobalIDString = 279F5F8C286BBDAF00F67E18;
			remoteInfo = LoadingView;
		};
		279F5FAE286BBDB100F67E18 /* PBXContainerItemProxy */ = {
			isa = PBXContainerItemProxy;
			containerPortal = 279F5F85286BBDAF00F67E18 /* Project object */;
			proxyType = 1;
			remoteGlobalIDString = 279F5F8C286BBDAF00F67E18;
			remoteInfo = LoadingView;
		};
/* End PBXContainerItemProxy section */

/* Begin PBXFileReference section */
		270E39DC298F2827009F0AC2 /* DotsContainer.swift */ = {isa = PBXFileReference; lastKnownFileType = sourcecode.swift; path = DotsContainer.swift; sourceTree = "<group>"; };
		2737FA2829917CB100DFDA99 /* Extension.swift */ = {isa = PBXFileReference; lastKnownFileType = sourcecode.swift; path = Extension.swift; sourceTree = "<group>"; };
		274E95812874CB4D0064C2B8 /* DataManager.swift */ = {isa = PBXFileReference; lastKnownFileType = sourcecode.swift; path = DataManager.swift; sourceTree = "<group>"; };
		279F5F8D286BBDAF00F67E18 /* LoadingView.app */ = {isa = PBXFileReference; explicitFileType = wrapper.application; includeInIndex = 0; path = LoadingView.app; sourceTree = BUILT_PRODUCTS_DIR; };
		279F5F90286BBDAF00F67E18 /* AppDelegate.swift */ = {isa = PBXFileReference; lastKnownFileType = sourcecode.swift; path = AppDelegate.swift; sourceTree = "<group>"; };
		279F5F92286BBDAF00F67E18 /* SceneDelegate.swift */ = {isa = PBXFileReference; lastKnownFileType = sourcecode.swift; path = SceneDelegate.swift; sourceTree = "<group>"; };
		279F5F94286BBDAF00F67E18 /* ViewController.swift */ = {isa = PBXFileReference; lastKnownFileType = sourcecode.swift; path = ViewController.swift; sourceTree = "<group>"; };
		279F5F97286BBDAF00F67E18 /* Base */ = {isa = PBXFileReference; lastKnownFileType = file.storyboard; name = Base; path = Base.lproj/Main.storyboard; sourceTree = "<group>"; };
		279F5F99286BBDB000F67E18 /* Assets.xcassets */ = {isa = PBXFileReference; lastKnownFileType = folder.assetcatalog; path = Assets.xcassets; sourceTree = "<group>"; };
		279F5F9C286BBDB000F67E18 /* Base */ = {isa = PBXFileReference; lastKnownFileType = file.storyboard; name = Base; path = Base.lproj/LaunchScreen.storyboard; sourceTree = "<group>"; };
		279F5F9E286BBDB000F67E18 /* Info.plist */ = {isa = PBXFileReference; lastKnownFileType = text.plist.xml; path = Info.plist; sourceTree = "<group>"; };
		279F5FA3286BBDB100F67E18 /* LoadingViewTests.xctest */ = {isa = PBXFileReference; explicitFileType = wrapper.cfbundle; includeInIndex = 0; path = LoadingViewTests.xctest; sourceTree = BUILT_PRODUCTS_DIR; };
		279F5FA7286BBDB100F67E18 /* LoadingViewTests.swift */ = {isa = PBXFileReference; lastKnownFileType = sourcecode.swift; path = LoadingViewTests.swift; sourceTree = "<group>"; };
		279F5FAD286BBDB100F67E18 /* LoadingViewUITests.xctest */ = {isa = PBXFileReference; explicitFileType = wrapper.cfbundle; includeInIndex = 0; path = LoadingViewUITests.xctest; sourceTree = BUILT_PRODUCTS_DIR; };
		279F5FB1286BBDB100F67E18 /* LoadingViewUITests.swift */ = {isa = PBXFileReference; lastKnownFileType = sourcecode.swift; path = LoadingViewUITests.swift; sourceTree = "<group>"; };
		279F5FB3286BBDB100F67E18 /* LoadingViewUITestsLaunchTests.swift */ = {isa = PBXFileReference; lastKnownFileType = sourcecode.swift; path = LoadingViewUITestsLaunchTests.swift; sourceTree = "<group>"; };
		279F5FC0286BBDD900F67E18 /* LoadingView.swift */ = {isa = PBXFileReference; lastKnownFileType = sourcecode.swift; path = LoadingView.swift; sourceTree = "<group>"; };
		279F5FC2286BC05400F67E18 /* Pinwheel.swift */ = {isa = PBXFileReference; lastKnownFileType = sourcecode.swift; path = Pinwheel.swift; sourceTree = "<group>"; };
		27B889C2296CC2E0003C7E89 /* GradientContainer.swift */ = {isa = PBXFileReference; lastKnownFileType = sourcecode.swift; path = GradientContainer.swift; sourceTree = "<group>"; };
/* End PBXFileReference section */

/* Begin PBXFrameworksBuildPhase section */
		279F5F8A286BBDAF00F67E18 /* Frameworks */ = {
			isa = PBXFrameworksBuildPhase;
			buildActionMask = 2147483647;
			files = (
			);
			runOnlyForDeploymentPostprocessing = 0;
		};
		279F5FA0286BBDB100F67E18 /* Frameworks */ = {
			isa = PBXFrameworksBuildPhase;
			buildActionMask = 2147483647;
			files = (
			);
			runOnlyForDeploymentPostprocessing = 0;
		};
		279F5FAA286BBDB100F67E18 /* Frameworks */ = {
			isa = PBXFrameworksBuildPhase;
			buildActionMask = 2147483647;
			files = (
			);
			runOnlyForDeploymentPostprocessing = 0;
		};
/* End PBXFrameworksBuildPhase section */

/* Begin PBXGroup section */
		279F5F84286BBDAF00F67E18 = {
			isa = PBXGroup;
			children = (
				279F5F8F286BBDAF00F67E18 /* LoadingView */,
				279F5FA6286BBDB100F67E18 /* LoadingViewTests */,
				279F5FB0286BBDB100F67E18 /* LoadingViewUITests */,
				279F5F8E286BBDAF00F67E18 /* Products */,
			);
			sourceTree = "<group>";
		};
		279F5F8E286BBDAF00F67E18 /* Products */ = {
			isa = PBXGroup;
			children = (
				279F5F8D286BBDAF00F67E18 /* LoadingView.app */,
				279F5FA3286BBDB100F67E18 /* LoadingViewTests.xctest */,
				279F5FAD286BBDB100F67E18 /* LoadingViewUITests.xctest */,
			);
			name = Products;
			sourceTree = "<group>";
		};
		279F5F8F286BBDAF00F67E18 /* LoadingView */ = {
			isa = PBXGroup;
			children = (
				279F5F90286BBDAF00F67E18 /* AppDelegate.swift */,
				279F5F92286BBDAF00F67E18 /* SceneDelegate.swift */,
				279F5F94286BBDAF00F67E18 /* ViewController.swift */,
				274E95812874CB4D0064C2B8 /* DataManager.swift */,
				2737FA2829917CB100DFDA99 /* Extension.swift */,
				279F5FC4286BC05F00F67E18 /* Loader */,
				279F5F96286BBDAF00F67E18 /* Main.storyboard */,
				279F5F99286BBDB000F67E18 /* Assets.xcassets */,
				279F5F9B286BBDB000F67E18 /* LaunchScreen.storyboard */,
				279F5F9E286BBDB000F67E18 /* Info.plist */,
			);
			path = LoadingView;
			sourceTree = "<group>";
		};
		279F5FA6286BBDB100F67E18 /* LoadingViewTests */ = {
			isa = PBXGroup;
			children = (
				279F5FA7286BBDB100F67E18 /* LoadingViewTests.swift */,
			);
			path = LoadingViewTests;
			sourceTree = "<group>";
		};
		279F5FB0286BBDB100F67E18 /* LoadingViewUITests */ = {
			isa = PBXGroup;
			children = (
				279F5FB1286BBDB100F67E18 /* LoadingViewUITests.swift */,
				279F5FB3286BBDB100F67E18 /* LoadingViewUITestsLaunchTests.swift */,
			);
			path = LoadingViewUITests;
			sourceTree = "<group>";
		};
		279F5FC4286BC05F00F67E18 /* Loader */ = {
			isa = PBXGroup;
			children = (
				279F5FC0286BBDD900F67E18 /* LoadingView.swift */,
				279F5FC2286BC05400F67E18 /* Pinwheel.swift */,
				27B889C2296CC2E0003C7E89 /* GradientContainer.swift */,
				270E39DC298F2827009F0AC2 /* DotsContainer.swift */,
			);
			path = Loader;
			sourceTree = "<group>";
		};
/* End PBXGroup section */

/* Begin PBXNativeTarget section */
		279F5F8C286BBDAF00F67E18 /* LoadingView */ = {
			isa = PBXNativeTarget;
			buildConfigurationList = 279F5FB7286BBDB100F67E18 /* Build configuration list for PBXNativeTarget "LoadingView" */;
			buildPhases = (
				279F5F89286BBDAF00F67E18 /* Sources */,
				279F5F8A286BBDAF00F67E18 /* Frameworks */,
				279F5F8B286BBDAF00F67E18 /* Resources */,
			);
			buildRules = (
			);
			dependencies = (
			);
			name = LoadingView;
			productName = LoadingView;
			productReference = 279F5F8D286BBDAF00F67E18 /* LoadingView.app */;
			productType = "com.apple.product-type.application";
		};
		279F5FA2286BBDB100F67E18 /* LoadingViewTests */ = {
			isa = PBXNativeTarget;
			buildConfigurationList = 279F5FBA286BBDB100F67E18 /* Build configuration list for PBXNativeTarget "LoadingViewTests" */;
			buildPhases = (
				279F5F9F286BBDB100F67E18 /* Sources */,
				279F5FA0286BBDB100F67E18 /* Frameworks */,
				279F5FA1286BBDB100F67E18 /* Resources */,
			);
			buildRules = (
			);
			dependencies = (
				279F5FA5286BBDB100F67E18 /* PBXTargetDependency */,
			);
			name = LoadingViewTests;
			productName = LoadingViewTests;
			productReference = 279F5FA3286BBDB100F67E18 /* LoadingViewTests.xctest */;
			productType = "com.apple.product-type.bundle.unit-test";
		};
		279F5FAC286BBDB100F67E18 /* LoadingViewUITests */ = {
			isa = PBXNativeTarget;
			buildConfigurationList = 279F5FBD286BBDB100F67E18 /* Build configuration list for PBXNativeTarget "LoadingViewUITests" */;
			buildPhases = (
				279F5FA9286BBDB100F67E18 /* Sources */,
				279F5FAA286BBDB100F67E18 /* Frameworks */,
				279F5FAB286BBDB100F67E18 /* Resources */,
			);
			buildRules = (
			);
			dependencies = (
				279F5FAF286BBDB100F67E18 /* PBXTargetDependency */,
			);
			name = LoadingViewUITests;
			productName = LoadingViewUITests;
			productReference = 279F5FAD286BBDB100F67E18 /* LoadingViewUITests.xctest */;
			productType = "com.apple.product-type.bundle.ui-testing";
		};
/* End PBXNativeTarget section */

/* Begin PBXProject section */
		279F5F85286BBDAF00F67E18 /* Project object */ = {
			isa = PBXProject;
			attributes = {
				BuildIndependentTargetsInParallel = 1;
				LastSwiftUpdateCheck = 1340;
				LastUpgradeCheck = 1340;
				TargetAttributes = {
					279F5F8C286BBDAF00F67E18 = {
						CreatedOnToolsVersion = 13.4;
					};
					279F5FA2286BBDB100F67E18 = {
						CreatedOnToolsVersion = 13.4;
						TestTargetID = 279F5F8C286BBDAF00F67E18;
					};
					279F5FAC286BBDB100F67E18 = {
						CreatedOnToolsVersion = 13.4;
						TestTargetID = 279F5F8C286BBDAF00F67E18;
					};
				};
			};
			buildConfigurationList = 279F5F88286BBDAF00F67E18 /* Build configuration list for PBXProject "LoadingView" */;
			compatibilityVersion = "Xcode 13.0";
			developmentRegion = en;
			hasScannedForEncodings = 0;
			knownRegions = (
				en,
				Base,
			);
			mainGroup = 279F5F84286BBDAF00F67E18;
			productRefGroup = 279F5F8E286BBDAF00F67E18 /* Products */;
			projectDirPath = "";
			projectRoot = "";
			targets = (
				279F5F8C286BBDAF00F67E18 /* LoadingView */,
				279F5FA2286BBDB100F67E18 /* LoadingViewTests */,
				279F5FAC286BBDB100F67E18 /* LoadingViewUITests */,
			);
		};
/* End PBXProject section */

/* Begin PBXResourcesBuildPhase section */
		279F5F8B286BBDAF00F67E18 /* Resources */ = {
			isa = PBXResourcesBuildPhase;
			buildActionMask = 2147483647;
			files = (
				279F5F9D286BBDB000F67E18 /* LaunchScreen.storyboard in Resources */,
				279F5F9A286BBDB000F67E18 /* Assets.xcassets in Resources */,
				279F5F98286BBDAF00F67E18 /* Main.storyboard in Resources */,
			);
			runOnlyForDeploymentPostprocessing = 0;
		};
		279F5FA1286BBDB100F67E18 /* Resources */ = {
			isa = PBXResourcesBuildPhase;
			buildActionMask = 2147483647;
			files = (
			);
			runOnlyForDeploymentPostprocessing = 0;
		};
		279F5FAB286BBDB100F67E18 /* Resources */ = {
			isa = PBXResourcesBuildPhase;
			buildActionMask = 2147483647;
			files = (
			);
			runOnlyForDeploymentPostprocessing = 0;
		};
/* End PBXResourcesBuildPhase section */

/* Begin PBXSourcesBuildPhase section */
		279F5F89286BBDAF00F67E18 /* Sources */ = {
			isa = PBXSourcesBuildPhase;
			buildActionMask = 2147483647;
			files = (
				2737FA2929917CB200DFDA99 /* Extension.swift in Sources */,
				279F5F95286BBDAF00F67E18 /* ViewController.swift in Sources */,
				274E95822874CB4D0064C2B8 /* DataManager.swift in Sources */,
				279F5FC1286BBDD900F67E18 /* LoadingView.swift in Sources */,
				270E39DD298F2827009F0AC2 /* DotsContainer.swift in Sources */,
				27B889C3296CC2E0003C7E89 /* GradientContainer.swift in Sources */,
				279F5F91286BBDAF00F67E18 /* AppDelegate.swift in Sources */,
				279F5F93286BBDAF00F67E18 /* SceneDelegate.swift in Sources */,
				279F5FC3286BC05400F67E18 /* Pinwheel.swift in Sources */,
			);
			runOnlyForDeploymentPostprocessing = 0;
		};
		279F5F9F286BBDB100F67E18 /* Sources */ = {
			isa = PBXSourcesBuildPhase;
			buildActionMask = 2147483647;
			files = (
				279F5FA8286BBDB100F67E18 /* LoadingViewTests.swift in Sources */,
			);
			runOnlyForDeploymentPostprocessing = 0;
		};
		279F5FA9286BBDB100F67E18 /* Sources */ = {
			isa = PBXSourcesBuildPhase;
			buildActionMask = 2147483647;
			files = (
				279F5FB4286BBDB100F67E18 /* LoadingViewUITestsLaunchTests.swift in Sources */,
				279F5FB2286BBDB100F67E18 /* LoadingViewUITests.swift in Sources */,
			);
			runOnlyForDeploymentPostprocessing = 0;
		};
/* End PBXSourcesBuildPhase section */

/* Begin PBXTargetDependency section */
		279F5FA5286BBDB100F67E18 /* PBXTargetDependency */ = {
			isa = PBXTargetDependency;
			target = 279F5F8C286BBDAF00F67E18 /* LoadingView */;
			targetProxy = 279F5FA4286BBDB100F67E18 /* PBXContainerItemProxy */;
		};
		279F5FAF286BBDB100F67E18 /* PBXTargetDependency */ = {
			isa = PBXTargetDependency;
			target = 279F5F8C286BBDAF00F67E18 /* LoadingView */;
			targetProxy = 279F5FAE286BBDB100F67E18 /* PBXContainerItemProxy */;
		};
/* End PBXTargetDependency section */

/* Begin PBXVariantGroup section */
		279F5F96286BBDAF00F67E18 /* Main.storyboard */ = {
			isa = PBXVariantGroup;
			children = (
				279F5F97286BBDAF00F67E18 /* Base */,
			);
			name = Main.storyboard;
			sourceTree = "<group>";
		};
		279F5F9B286BBDB000F67E18 /* LaunchScreen.storyboard */ = {
			isa = PBXVariantGroup;
			children = (
				279F5F9C286BBDB000F67E18 /* Base */,
			);
			name = LaunchScreen.storyboard;
			sourceTree = "<group>";
		};
/* End PBXVariantGroup section */

/* Begin XCBuildConfiguration section */
		279F5FB5286BBDB100F67E18 /* Debug */ = {
			isa = XCBuildConfiguration;
			buildSettings = {
				ALWAYS_SEARCH_USER_PATHS = NO;
				CLANG_ANALYZER_NONNULL = YES;
				CLANG_ANALYZER_NUMBER_OBJECT_CONVERSION = YES_AGGRESSIVE;
				CLANG_CXX_LANGUAGE_STANDARD = "gnu++17";
				CLANG_ENABLE_MODULES = YES;
				CLANG_ENABLE_OBJC_ARC = YES;
				CLANG_ENABLE_OBJC_WEAK = YES;
				CLANG_WARN_BLOCK_CAPTURE_AUTORELEASING = YES;
				CLANG_WARN_BOOL_CONVERSION = YES;
				CLANG_WARN_COMMA = YES;
				CLANG_WARN_CONSTANT_CONVERSION = YES;
				CLANG_WARN_DEPRECATED_OBJC_IMPLEMENTATIONS = YES;
				CLANG_WARN_DIRECT_OBJC_ISA_USAGE = YES_ERROR;
				CLANG_WARN_DOCUMENTATION_COMMENTS = YES;
				CLANG_WARN_EMPTY_BODY = YES;
				CLANG_WARN_ENUM_CONVERSION = YES;
				CLANG_WARN_INFINITE_RECURSION = YES;
				CLANG_WARN_INT_CONVERSION = YES;
				CLANG_WARN_NON_LITERAL_NULL_CONVERSION = YES;
				CLANG_WARN_OBJC_IMPLICIT_RETAIN_SELF = YES;
				CLANG_WARN_OBJC_LITERAL_CONVERSION = YES;
				CLANG_WARN_OBJC_ROOT_CLASS = YES_ERROR;
				CLANG_WARN_QUOTED_INCLUDE_IN_FRAMEWORK_HEADER = YES;
				CLANG_WARN_RANGE_LOOP_ANALYSIS = YES;
				CLANG_WARN_STRICT_PROTOTYPES = YES;
				CLANG_WARN_SUSPICIOUS_MOVE = YES;
				CLANG_WARN_UNGUARDED_AVAILABILITY = YES_AGGRESSIVE;
				CLANG_WARN_UNREACHABLE_CODE = YES;
				CLANG_WARN__DUPLICATE_METHOD_MATCH = YES;
				COPY_PHASE_STRIP = NO;
				DEBUG_INFORMATION_FORMAT = dwarf;
				ENABLE_STRICT_OBJC_MSGSEND = YES;
				ENABLE_TESTABILITY = YES;
				GCC_C_LANGUAGE_STANDARD = gnu11;
				GCC_DYNAMIC_NO_PIC = NO;
				GCC_NO_COMMON_BLOCKS = YES;
				GCC_OPTIMIZATION_LEVEL = 0;
				GCC_PREPROCESSOR_DEFINITIONS = (
					"DEBUG=1",
					"$(inherited)",
				);
				GCC_WARN_64_TO_32_BIT_CONVERSION = YES;
				GCC_WARN_ABOUT_RETURN_TYPE = YES_ERROR;
				GCC_WARN_UNDECLARED_SELECTOR = YES;
				GCC_WARN_UNINITIALIZED_AUTOS = YES_AGGRESSIVE;
				GCC_WARN_UNUSED_FUNCTION = YES;
				GCC_WARN_UNUSED_VARIABLE = YES;
				IPHONEOS_DEPLOYMENT_TARGET = 15.5;
				MTL_ENABLE_DEBUG_INFO = INCLUDE_SOURCE;
				MTL_FAST_MATH = YES;
				ONLY_ACTIVE_ARCH = YES;
				SDKROOT = iphoneos;
				SWIFT_ACTIVE_COMPILATION_CONDITIONS = DEBUG;
				SWIFT_OPTIMIZATION_LEVEL = "-Onone";
			};
			name = Debug;
		};
		279F5FB6286BBDB100F67E18 /* Release */ = {
			isa = XCBuildConfiguration;
			buildSettings = {
				ALWAYS_SEARCH_USER_PATHS = NO;
				CLANG_ANALYZER_NONNULL = YES;
				CLANG_ANALYZER_NUMBER_OBJECT_CONVERSION = YES_AGGRESSIVE;
				CLANG_CXX_LANGUAGE_STANDARD = "gnu++17";
				CLANG_ENABLE_MODULES = YES;
				CLANG_ENABLE_OBJC_ARC = YES;
				CLANG_ENABLE_OBJC_WEAK = YES;
				CLANG_WARN_BLOCK_CAPTURE_AUTORELEASING = YES;
				CLANG_WARN_BOOL_CONVERSION = YES;
				CLANG_WARN_COMMA = YES;
				CLANG_WARN_CONSTANT_CONVERSION = YES;
				CLANG_WARN_DEPRECATED_OBJC_IMPLEMENTATIONS = YES;
				CLANG_WARN_DIRECT_OBJC_ISA_USAGE = YES_ERROR;
				CLANG_WARN_DOCUMENTATION_COMMENTS = YES;
				CLANG_WARN_EMPTY_BODY = YES;
				CLANG_WARN_ENUM_CONVERSION = YES;
				CLANG_WARN_INFINITE_RECURSION = YES;
				CLANG_WARN_INT_CONVERSION = YES;
				CLANG_WARN_NON_LITERAL_NULL_CONVERSION = YES;
				CLANG_WARN_OBJC_IMPLICIT_RETAIN_SELF = YES;
				CLANG_WARN_OBJC_LITERAL_CONVERSION = YES;
				CLANG_WARN_OBJC_ROOT_CLASS = YES_ERROR;
				CLANG_WARN_QUOTED_INCLUDE_IN_FRAMEWORK_HEADER = YES;
				CLANG_WARN_RANGE_LOOP_ANALYSIS = YES;
				CLANG_WARN_STRICT_PROTOTYPES = YES;
				CLANG_WARN_SUSPICIOUS_MOVE = YES;
				CLANG_WARN_UNGUARDED_AVAILABILITY = YES_AGGRESSIVE;
				CLANG_WARN_UNREACHABLE_CODE = YES;
				CLANG_WARN__DUPLICATE_METHOD_MATCH = YES;
				COPY_PHASE_STRIP = NO;
				DEBUG_INFORMATION_FORMAT = "dwarf-with-dsym";
				ENABLE_NS_ASSERTIONS = NO;
				ENABLE_STRICT_OBJC_MSGSEND = YES;
				GCC_C_LANGUAGE_STANDARD = gnu11;
				GCC_NO_COMMON_BLOCKS = YES;
				GCC_WARN_64_TO_32_BIT_CONVERSION = YES;
				GCC_WARN_ABOUT_RETURN_TYPE = YES_ERROR;
				GCC_WARN_UNDECLARED_SELECTOR = YES;
				GCC_WARN_UNINITIALIZED_AUTOS = YES_AGGRESSIVE;
				GCC_WARN_UNUSED_FUNCTION = YES;
				GCC_WARN_UNUSED_VARIABLE = YES;
				IPHONEOS_DEPLOYMENT_TARGET = 15.5;
				MTL_ENABLE_DEBUG_INFO = NO;
				MTL_FAST_MATH = YES;
				SDKROOT = iphoneos;
				SWIFT_COMPILATION_MODE = wholemodule;
				SWIFT_OPTIMIZATION_LEVEL = "-O";
				VALIDATE_PRODUCT = YES;
			};
			name = Release;
		};
		279F5FB8286BBDB100F67E18 /* Debug */ = {
			isa = XCBuildConfiguration;
			buildSettings = {
				ASSETCATALOG_COMPILER_APPICON_NAME = AppIcon;
				ASSETCATALOG_COMPILER_GLOBAL_ACCENT_COLOR_NAME = AccentColor;
				CODE_SIGN_STYLE = Automatic;
				CURRENT_PROJECT_VERSION = 1;
				DEVELOPMENT_TEAM = 63ARTNG4RQ;
				GENERATE_INFOPLIST_FILE = YES;
				INFOPLIST_FILE = LoadingView/Info.plist;
				INFOPLIST_KEY_UIApplicationSupportsIndirectInputEvents = YES;
				INFOPLIST_KEY_UILaunchStoryboardName = LaunchScreen;
				INFOPLIST_KEY_UIMainStoryboardFile = Main;
				INFOPLIST_KEY_UISupportedInterfaceOrientations_iPad = "UIInterfaceOrientationPortrait UIInterfaceOrientationPortraitUpsideDown UIInterfaceOrientationLandscapeLeft UIInterfaceOrientationLandscapeRight";
				INFOPLIST_KEY_UISupportedInterfaceOrientations_iPhone = "UIInterfaceOrientationPortrait UIInterfaceOrientationLandscapeLeft UIInterfaceOrientationLandscapeRight";
				LD_RUNPATH_SEARCH_PATHS = (
					"$(inherited)",
					"@executable_path/Frameworks",
				);
				MARKETING_VERSION = 1.0;
				PRODUCT_BUNDLE_IDENTIFIER = com.Ethan.LoadingView;
				PRODUCT_NAME = "$(TARGET_NAME)";
				SWIFT_EMIT_LOC_STRINGS = YES;
				SWIFT_VERSION = 5.0;
				TARGETED_DEVICE_FAMILY = "1,2";
			};
			name = Debug;
		};
		279F5FB9286BBDB100F67E18 /* Release */ = {
			isa = XCBuildConfiguration;
			buildSettings = {
				ASSETCATALOG_COMPILER_APPICON_NAME = AppIcon;
				ASSETCATALOG_COMPILER_GLOBAL_ACCENT_COLOR_NAME = AccentColor;
				CODE_SIGN_STYLE = Automatic;
				CURRENT_PROJECT_VERSION = 1;
				DEVELOPMENT_TEAM = 63ARTNG4RQ;
				GENERATE_INFOPLIST_FILE = YES;
				INFOPLIST_FILE = LoadingView/Info.plist;
				INFOPLIST_KEY_UIApplicationSupportsIndirectInputEvents = YES;
				INFOPLIST_KEY_UILaunchStoryboardName = LaunchScreen;
				INFOPLIST_KEY_UIMainStoryboardFile = Main;
				INFOPLIST_KEY_UISupportedInterfaceOrientations_iPad = "UIInterfaceOrientationPortrait UIInterfaceOrientationPortraitUpsideDown UIInterfaceOrientationLandscapeLeft UIInterfaceOrientationLandscapeRight";
				INFOPLIST_KEY_UISupportedInterfaceOrientations_iPhone = "UIInterfaceOrientationPortrait UIInterfaceOrientationLandscapeLeft UIInterfaceOrientationLandscapeRight";
				LD_RUNPATH_SEARCH_PATHS = (
					"$(inherited)",
					"@executable_path/Frameworks",
				);
				MARKETING_VERSION = 1.0;
				PRODUCT_BUNDLE_IDENTIFIER = com.Ethan.LoadingView;
				PRODUCT_NAME = "$(TARGET_NAME)";
				SWIFT_EMIT_LOC_STRINGS = YES;
				SWIFT_VERSION = 5.0;
				TARGETED_DEVICE_FAMILY = "1,2";
			};
			name = Release;
		};
		279F5FBB286BBDB100F67E18 /* Debug */ = {
			isa = XCBuildConfiguration;
			buildSettings = {
				ALWAYS_EMBED_SWIFT_STANDARD_LIBRARIES = YES;
				BUNDLE_LOADER = "$(TEST_HOST)";
				CODE_SIGN_STYLE = Automatic;
				CURRENT_PROJECT_VERSION = 1;
				DEVELOPMENT_TEAM = 63ARTNG4RQ;
				GENERATE_INFOPLIST_FILE = YES;
				IPHONEOS_DEPLOYMENT_TARGET = 15.5;
				MARKETING_VERSION = 1.0;
				PRODUCT_BUNDLE_IDENTIFIER = com.Ethan.LoadingViewTests;
				PRODUCT_NAME = "$(TARGET_NAME)";
				SWIFT_EMIT_LOC_STRINGS = NO;
				SWIFT_VERSION = 5.0;
				TARGETED_DEVICE_FAMILY = "1,2";
				TEST_HOST = "$(BUILT_PRODUCTS_DIR)/LoadingView.app/LoadingView";
			};
			name = Debug;
		};
		279F5FBC286BBDB100F67E18 /* Release */ = {
			isa = XCBuildConfiguration;
			buildSettings = {
				ALWAYS_EMBED_SWIFT_STANDARD_LIBRARIES = YES;
				BUNDLE_LOADER = "$(TEST_HOST)";
				CODE_SIGN_STYLE = Automatic;
				CURRENT_PROJECT_VERSION = 1;
				DEVELOPMENT_TEAM = 63ARTNG4RQ;
				GENERATE_INFOPLIST_FILE = YES;
				IPHONEOS_DEPLOYMENT_TARGET = 15.5;
				MARKETING_VERSION = 1.0;
				PRODUCT_BUNDLE_IDENTIFIER = com.Ethan.LoadingViewTests;
				PRODUCT_NAME = "$(TARGET_NAME)";
				SWIFT_EMIT_LOC_STRINGS = NO;
				SWIFT_VERSION = 5.0;
				TARGETED_DEVICE_FAMILY = "1,2";
				TEST_HOST = "$(BUILT_PRODUCTS_DIR)/LoadingView.app/LoadingView";
			};
			name = Release;
		};
		279F5FBE286BBDB100F67E18 /* Debug */ = {
			isa = XCBuildConfiguration;
			buildSettings = {
				ALWAYS_EMBED_SWIFT_STANDARD_LIBRARIES = YES;
				CODE_SIGN_STYLE = Automatic;
				CURRENT_PROJECT_VERSION = 1;
				DEVELOPMENT_TEAM = 63ARTNG4RQ;
				GENERATE_INFOPLIST_FILE = YES;
				MARKETING_VERSION = 1.0;
				PRODUCT_BUNDLE_IDENTIFIER = com.Ethan.LoadingViewUITests;
				PRODUCT_NAME = "$(TARGET_NAME)";
				SWIFT_EMIT_LOC_STRINGS = NO;
				SWIFT_VERSION = 5.0;
				TARGETED_DEVICE_FAMILY = "1,2";
				TEST_TARGET_NAME = LoadingView;
			};
			name = Debug;
		};
		279F5FBF286BBDB100F67E18 /* Release */ = {
			isa = XCBuildConfiguration;
			buildSettings = {
				ALWAYS_EMBED_SWIFT_STANDARD_LIBRARIES = YES;
				CODE_SIGN_STYLE = Automatic;
				CURRENT_PROJECT_VERSION = 1;
				DEVELOPMENT_TEAM = 63ARTNG4RQ;
				GENERATE_INFOPLIST_FILE = YES;
				MARKETING_VERSION = 1.0;
				PRODUCT_BUNDLE_IDENTIFIER = com.Ethan.LoadingViewUITests;
				PRODUCT_NAME = "$(TARGET_NAME)";
				SWIFT_EMIT_LOC_STRINGS = NO;
				SWIFT_VERSION = 5.0;
				TARGETED_DEVICE_FAMILY = "1,2";
				TEST_TARGET_NAME = LoadingView;
			};
			name = Release;
		};
/* End XCBuildConfiguration section */

/* Begin XCConfigurationList section */
		279F5F88286BBDAF00F67E18 /* Build configuration list for PBXProject "LoadingView" */ = {
			isa = XCConfigurationList;
			buildConfigurations = (
				279F5FB5286BBDB100F67E18 /* Debug */,
				279F5FB6286BBDB100F67E18 /* Release */,
			);
			defaultConfigurationIsVisible = 0;
			defaultConfigurationName = Release;
		};
		279F5FB7286BBDB100F67E18 /* Build configuration list for PBXNativeTarget "LoadingView" */ = {
			isa = XCConfigurationList;
			buildConfigurations = (
				279F5FB8286BBDB100F67E18 /* Debug */,
				279F5FB9286BBDB100F67E18 /* Release */,
			);
			defaultConfigurationIsVisible = 0;
			defaultConfigurationName = Release;
		};
		279F5FBA286BBDB100F67E18 /* Build configuration list for PBXNativeTarget "LoadingViewTests" */ = {
			isa = XCConfigurationList;
			buildConfigurations = (
				279F5FBB286BBDB100F67E18 /* Debug */,
				279F5FBC286BBDB100F67E18 /* Release */,
			);
			defaultConfigurationIsVisible = 0;
			defaultConfigurationName = Release;
		};
		279F5FBD286BBDB100F67E18 /* Build configuration list for PBXNativeTarget "LoadingViewUITests" */ = {
			isa = XCConfigurationList;
			buildConfigurations = (
				279F5FBE286BBDB100F67E18 /* Debug */,
				279F5FBF286BBDB100F67E18 /* Release */,
			);
			defaultConfigurationIsVisible = 0;
			defaultConfigurationName = Release;
		};
/* End XCConfigurationList section */
	};
	rootObject = 279F5F85286BBDAF00F67E18 /* Project object */;
}
